
Microsoft Visual Studio Solution File, Format Version 12.00
# Visual Studio Version 17
VisualStudioVersion = 17.1.32228.430
MinimumVisualStudioVersion = 10.0.40219.1
Project("{FAE04EC0-301F-11D3-BF4B-00C04F79EFBC}") = "Ejercicio8GuiaCai", "Ejercicio8GuiaCai.csproj", "{9F7545C7-26F8-42B1-ACBC-B06EAFF4F94B}"
EndProject
Global
	GlobalSection(SolutionConfigurationPlatforms) = preSolution
		Debug|Any CPU = Debug|Any CPU
		Release|Any CPU = Release|Any CPU
	EndGlobalSection
	GlobalSection(ProjectConfigurationPlatforms) = postSolution
		{9F7545C7-26F8-42B1-ACBC-B06EAFF4F94B}.Debug|Any CPU.ActiveCfg = Debug|Any CPU
		{9F7545C7-26F8-42B1-ACBC-B06EAFF4F94B}.Debug|Any CPU.Build.0 = Debug|Any CPU
		{9F7545C7-26F8-42B1-ACBC-B06EAFF4F94B}.Release|Any CPU.ActiveCfg = Release|Any CPU
		{9F7545C7-26F8-42B1-ACBC-B06EAFF4F94B}.Release|Any CPU.Build.0 = Release|Any CPU
	EndGlobalSection
	GlobalSection(SolutionProperties) = preSolution
		HideSolutionNode = FALSE
	EndGlobalSection
	GlobalSection(ExtensibilityGlobals) = postSolution
		SolutionGuid = {551C997E-4BB4-4060-A38B-22AF2C0C0EDF}
	EndGlobalSection
EndGlobal
